// !$*UTF8*$!
{
	archiveVersion = 1;
	classes = {
	};
	objectVersion = 77;
	objects = {

/* Begin PBXBuildFile section */
		BDA0A4E62CB8541D0032C157 /* WrappingHStack in Frameworks */ = {isa = PBXBuildFile; productRef = BDA0A4E52CB8541D0032C157 /* WrappingHStack */; };
/* End PBXBuildFile section */

/* Begin PBXContainerItemProxy section */
		BD843F892CB8316400CC96A4 /* PBXContainerItemProxy */ = {
			isa = PBXContainerItemProxy;
			containerPortal = BD843F6F2CB8316200CC96A4 /* Project object */;
			proxyType = 1;
			remoteGlobalIDString = BD843F762CB8316200CC96A4;
			remoteInfo = "Imgur-Go-Live";
		};
		BD843F932CB8316400CC96A4 /* PBXContainerItemProxy */ = {
			isa = PBXContainerItemProxy;
			containerPortal = BD843F6F2CB8316200CC96A4 /* Project object */;
			proxyType = 1;
			remoteGlobalIDString = BD843F762CB8316200CC96A4;
			remoteInfo = "Imgur-Go-Live";
		};
/* End PBXContainerItemProxy section */

/* Begin PBXFileReference section */
		BD843F772CB8316200CC96A4 /* Imgur-Go-Live.app */ = {isa = PBXFileReference; explicitFileType = wrapper.application; includeInIndex = 0; path = "Imgur-Go-Live.app"; sourceTree = BUILT_PRODUCTS_DIR; };
		BD843F882CB8316400CC96A4 /* Imgur-Go-LiveTests.xctest */ = {isa = PBXFileReference; explicitFileType = wrapper.cfbundle; includeInIndex = 0; path = "Imgur-Go-LiveTests.xctest"; sourceTree = BUILT_PRODUCTS_DIR; };
		BD843F922CB8316400CC96A4 /* Imgur-Go-LiveUITests.xctest */ = {isa = PBXFileReference; explicitFileType = wrapper.cfbundle; includeInIndex = 0; path = "Imgur-Go-LiveUITests.xctest"; sourceTree = BUILT_PRODUCTS_DIR; };
/* End PBXFileReference section */

/* Begin PBXFileSystemSynchronizedBuildFileExceptionSet section */
		BDA0A4DA2CB83FF80032C157 /* Exceptions for "Imgur-Go-Live" folder in "Imgur-Go-Live" target */ = {
			isa = PBXFileSystemSynchronizedBuildFileExceptionSet;
			membershipExceptions = (
				Info.plist,
			);
			target = BD843F762CB8316200CC96A4 /* Imgur-Go-Live */;
		};
/* End PBXFileSystemSynchronizedBuildFileExceptionSet section */

/* Begin PBXFileSystemSynchronizedRootGroup section */
		BD843F792CB8316200CC96A4 /* Imgur-Go-Live */ = {
			isa = PBXFileSystemSynchronizedRootGroup;
			exceptions = (
				BDA0A4DA2CB83FF80032C157 /* Exceptions for "Imgur-Go-Live" folder in "Imgur-Go-Live" target */,
			);
			path = "Imgur-Go-Live";
			sourceTree = "<group>";
		};
		BD843F8B2CB8316400CC96A4 /* Imgur-Go-LiveTests */ = {
			isa = PBXFileSystemSynchronizedRootGroup;
			path = "Imgur-Go-LiveTests";
			sourceTree = "<group>";
		};
		BD843F952CB8316400CC96A4 /* Imgur-Go-LiveUITests */ = {
			isa = PBXFileSystemSynchronizedRootGroup;
			path = "Imgur-Go-LiveUITests";
			sourceTree = "<group>";
		};
/* End PBXFileSystemSynchronizedRootGroup section */

/* Begin PBXFrameworksBuildPhase section */
		BD843F742CB8316200CC96A4 /* Frameworks */ = {
			isa = PBXFrameworksBuildPhase;
			buildActionMask = 2147483647;
			files = (
				BDA0A4E62CB8541D0032C157 /* WrappingHStack in Frameworks */,
			);
			runOnlyForDeploymentPostprocessing = 0;
		};
		BD843F852CB8316400CC96A4 /* Frameworks */ = {
			isa = PBXFrameworksBuildPhase;
			buildActionMask = 2147483647;
			files = (
			);
			runOnlyForDeploymentPostprocessing = 0;
		};
		BD843F8F2CB8316400CC96A4 /* Frameworks */ = {
			isa = PBXFrameworksBuildPhase;
			buildActionMask = 2147483647;
			files = (
			);
			runOnlyForDeploymentPostprocessing = 0;
		};
/* End PBXFrameworksBuildPhase section */

/* Begin PBXGroup section */
		BD843F6E2CB8316200CC96A4 = {
			isa = PBXGroup;
			children = (
				BD843F792CB8316200CC96A4 /* Imgur-Go-Live */,
				BD843F8B2CB8316400CC96A4 /* Imgur-Go-LiveTests */,
				BD843F952CB8316400CC96A4 /* Imgur-Go-LiveUITests */,
				BD843F782CB8316200CC96A4 /* Products */,
			);
			sourceTree = "<group>";
		};
		BD843F782CB8316200CC96A4 /* Products */ = {
			isa = PBXGroup;
			children = (
				BD843F772CB8316200CC96A4 /* Imgur-Go-Live.app */,
				BD843F882CB8316400CC96A4 /* Imgur-Go-LiveTests.xctest */,
				BD843F922CB8316400CC96A4 /* Imgur-Go-LiveUITests.xctest */,
			);
			name = Products;
			sourceTree = "<group>";
		};
/* End PBXGroup section */

/* Begin PBXNativeTarget section */
		BD843F762CB8316200CC96A4 /* Imgur-Go-Live */ = {
			isa = PBXNativeTarget;
			buildConfigurationList = BD843F9C2CB8316400CC96A4 /* Build configuration list for PBXNativeTarget "Imgur-Go-Live" */;
			buildPhases = (
				BD843F732CB8316200CC96A4 /* Sources */,
				BD843F742CB8316200CC96A4 /* Frameworks */,
				BD843F752CB8316200CC96A4 /* Resources */,
			);
			buildRules = (
			);
			dependencies = (
			);
			fileSystemSynchronizedGroups = (
				BD843F792CB8316200CC96A4 /* Imgur-Go-Live */,
			);
			name = "Imgur-Go-Live";
			packageProductDependencies = (
				BDA0A4E52CB8541D0032C157 /* WrappingHStack */,
			);
			productName = "Imgur-Go-Live";
			productReference = BD843F772CB8316200CC96A4 /* Imgur-Go-Live.app */;
			productType = "com.apple.product-type.application";
		};
		BD843F872CB8316400CC96A4 /* Imgur-Go-LiveTests */ = {
			isa = PBXNativeTarget;
			buildConfigurationList = BD843F9F2CB8316400CC96A4 /* Build configuration list for PBXNativeTarget "Imgur-Go-LiveTests" */;
			buildPhases = (
				BD843F842CB8316400CC96A4 /* Sources */,
				BD843F852CB8316400CC96A4 /* Frameworks */,
				BD843F862CB8316400CC96A4 /* Resources */,
			);
			buildRules = (
			);
			dependencies = (
				BD843F8A2CB8316400CC96A4 /* PBXTargetDependency */,
			);
			fileSystemSynchronizedGroups = (
				BD843F8B2CB8316400CC96A4 /* Imgur-Go-LiveTests */,
			);
			name = "Imgur-Go-LiveTests";
			packageProductDependencies = (
			);
			productName = "Imgur-Go-LiveTests";
			productReference = BD843F882CB8316400CC96A4 /* Imgur-Go-LiveTests.xctest */;
			productType = "com.apple.product-type.bundle.unit-test";
		};
		BD843F912CB8316400CC96A4 /* Imgur-Go-LiveUITests */ = {
			isa = PBXNativeTarget;
			buildConfigurationList = BD843FA22CB8316400CC96A4 /* Build configuration list for PBXNativeTarget "Imgur-Go-LiveUITests" */;
			buildPhases = (
				BD843F8E2CB8316400CC96A4 /* Sources */,
				BD843F8F2CB8316400CC96A4 /* Frameworks */,
				BD843F902CB8316400CC96A4 /* Resources */,
			);
			buildRules = (
			);
			dependencies = (
				BD843F942CB8316400CC96A4 /* PBXTargetDependency */,
			);
			fileSystemSynchronizedGroups = (
				BD843F952CB8316400CC96A4 /* Imgur-Go-LiveUITests */,
			);
			name = "Imgur-Go-LiveUITests";
			packageProductDependencies = (
			);
			productName = "Imgur-Go-LiveUITests";
			productReference = BD843F922CB8316400CC96A4 /* Imgur-Go-LiveUITests.xctest */;
			productType = "com.apple.product-type.bundle.ui-testing";
		};
/* End PBXNativeTarget section */

/* Begin PBXProject section */
		BD843F6F2CB8316200CC96A4 /* Project object */ = {
			isa = PBXProject;
			attributes = {
				BuildIndependentTargetsInParallel = 1;
				LastSwiftUpdateCheck = 1600;
				LastUpgradeCheck = 1600;
				TargetAttributes = {
					BD843F762CB8316200CC96A4 = {
						CreatedOnToolsVersion = 16.0;
					};
					BD843F872CB8316400CC96A4 = {
						CreatedOnToolsVersion = 16.0;
						TestTargetID = BD843F762CB8316200CC96A4;
					};
					BD843F912CB8316400CC96A4 = {
						CreatedOnToolsVersion = 16.0;
						TestTargetID = BD843F762CB8316200CC96A4;
					};
				};
			};
			buildConfigurationList = BD843F722CB8316200CC96A4 /* Build configuration list for PBXProject "Imgur-Go-Live" */;
			developmentRegion = en;
			hasScannedForEncodings = 0;
			knownRegions = (
				en,
				Base,
			);
			mainGroup = BD843F6E2CB8316200CC96A4;
			minimizedProjectReferenceProxies = 1;
			packageReferences = (
				BDA0A4E42CB8535F0032C157 /* XCRemoteSwiftPackageReference "WrappingHStack" */,
			);
			preferredProjectObjectVersion = 77;
			productRefGroup = BD843F782CB8316200CC96A4 /* Products */;
			projectDirPath = "";
			projectRoot = "";
			targets = (
				BD843F762CB8316200CC96A4 /* Imgur-Go-Live */,
				BD843F872CB8316400CC96A4 /* Imgur-Go-LiveTests */,
				BD843F912CB8316400CC96A4 /* Imgur-Go-LiveUITests */,
			);
		};
/* End PBXProject section */

/* Begin PBXResourcesBuildPhase section */
		BD843F752CB8316200CC96A4 /* Resources */ = {
			isa = PBXResourcesBuildPhase;
			buildActionMask = 2147483647;
			files = (
			);
			runOnlyForDeploymentPostprocessing = 0;
		};
		BD843F862CB8316400CC96A4 /* Resources */ = {
			isa = PBXResourcesBuildPhase;
			buildActionMask = 2147483647;
			files = (
			);
			runOnlyForDeploymentPostprocessing = 0;
		};
		BD843F902CB8316400CC96A4 /* Resources */ = {
			isa = PBXResourcesBuildPhase;
			buildActionMask = 2147483647;
			files = (
			);
			runOnlyForDeploymentPostprocessing = 0;
		};
/* End PBXResourcesBuildPhase section */

/* Begin PBXSourcesBuildPhase section */
		BD843F732CB8316200CC96A4 /* Sources */ = {
			isa = PBXSourcesBuildPhase;
			buildActionMask = 2147483647;
			files = (
			);
			runOnlyForDeploymentPostprocessing = 0;
		};
		BD843F842CB8316400CC96A4 /* Sources */ = {
			isa = PBXSourcesBuildPhase;
			buildActionMask = 2147483647;
			files = (
			);
			runOnlyForDeploymentPostprocessing = 0;
		};
		BD843F8E2CB8316400CC96A4 /* Sources */ = {
			isa = PBXSourcesBuildPhase;
			buildActionMask = 2147483647;
			files = (
			);
			runOnlyForDeploymentPostprocessing = 0;
		};
/* End PBXSourcesBuildPhase section */

/* Begin PBXTargetDependency section */
		BD843F8A2CB8316400CC96A4 /* PBXTargetDependency */ = {
			isa = PBXTargetDependency;
			target = BD843F762CB8316200CC96A4 /* Imgur-Go-Live */;
			targetProxy = BD843F892CB8316400CC96A4 /* PBXContainerItemProxy */;
		};
		BD843F942CB8316400CC96A4 /* PBXTargetDependency */ = {
			isa = PBXTargetDependency;
			target = BD843F762CB8316200CC96A4 /* Imgur-Go-Live */;
			targetProxy = BD843F932CB8316400CC96A4 /* PBXContainerItemProxy */;
		};
/* End PBXTargetDependency section */

/* Begin XCBuildConfiguration section */
		BD843F9A2CB8316400CC96A4 /* Debug */ = {
			isa = XCBuildConfiguration;
			buildSettings = {
				ALWAYS_SEARCH_USER_PATHS = NO;
				ASSETCATALOG_COMPILER_GENERATE_SWIFT_ASSET_SYMBOL_EXTENSIONS = YES;
				CLANG_ANALYZER_NONNULL = YES;
				CLANG_ANALYZER_NUMBER_OBJECT_CONVERSION = YES_AGGRESSIVE;
				CLANG_CXX_LANGUAGE_STANDARD = "gnu++20";
				CLANG_ENABLE_MODULES = YES;
				CLANG_ENABLE_OBJC_ARC = YES;
				CLANG_ENABLE_OBJC_WEAK = YES;
				CLANG_WARN_BLOCK_CAPTURE_AUTORELEASING = YES;
				CLANG_WARN_BOOL_CONVERSION = YES;
				CLANG_WARN_COMMA = YES;
				CLANG_WARN_CONSTANT_CONVERSION = YES;
				CLANG_WARN_DEPRECATED_OBJC_IMPLEMENTATIONS = YES;
				CLANG_WARN_DIRECT_OBJC_ISA_USAGE = YES_ERROR;
				CLANG_WARN_DOCUMENTATION_COMMENTS = YES;
				CLANG_WARN_EMPTY_BODY = YES;
				CLANG_WARN_ENUM_CONVERSION = YES;
				CLANG_WARN_INFINITE_RECURSION = YES;
				CLANG_WARN_INT_CONVERSION = YES;
				CLANG_WARN_NON_LITERAL_NULL_CONVERSION = YES;
				CLANG_WARN_OBJC_IMPLICIT_RETAIN_SELF = YES;
				CLANG_WARN_OBJC_LITERAL_CONVERSION = YES;
				CLANG_WARN_OBJC_ROOT_CLASS = YES_ERROR;
				CLANG_WARN_QUOTED_INCLUDE_IN_FRAMEWORK_HEADER = YES;
				CLANG_WARN_RANGE_LOOP_ANALYSIS = YES;
				CLANG_WARN_STRICT_PROTOTYPES = YES;
				CLANG_WARN_SUSPICIOUS_MOVE = YES;
				CLANG_WARN_UNGUARDED_AVAILABILITY = YES_AGGRESSIVE;
				CLANG_WARN_UNREACHABLE_CODE = YES;
				CLANG_WARN__DUPLICATE_METHOD_MATCH = YES;
				COPY_PHASE_STRIP = NO;
				DEBUG_INFORMATION_FORMAT = dwarf;
				ENABLE_STRICT_OBJC_MSGSEND = YES;
				ENABLE_TESTABILITY = YES;
				ENABLE_USER_SCRIPT_SANDBOXING = YES;
				GCC_C_LANGUAGE_STANDARD = gnu17;
				GCC_DYNAMIC_NO_PIC = NO;
				GCC_NO_COMMON_BLOCKS = YES;
				GCC_OPTIMIZATION_LEVEL = 0;
				GCC_PREPROCESSOR_DEFINITIONS = (
					"DEBUG=1",
					"$(inherited)",
				);
				GCC_WARN_64_TO_32_BIT_CONVERSION = YES;
				GCC_WARN_ABOUT_RETURN_TYPE = YES_ERROR;
				GCC_WARN_UNDECLARED_SELECTOR = YES;
				GCC_WARN_UNINITIALIZED_AUTOS = YES_AGGRESSIVE;
				GCC_WARN_UNUSED_FUNCTION = YES;
				GCC_WARN_UNUSED_VARIABLE = YES;
				LOCALIZATION_PREFERS_STRING_CATALOGS = YES;
				MTL_ENABLE_DEBUG_INFO = INCLUDE_SOURCE;
				MTL_FAST_MATH = YES;
				ONLY_ACTIVE_ARCH = YES;
				SWIFT_ACTIVE_COMPILATION_CONDITIONS = "DEBUG $(inherited)";
				SWIFT_EMIT_LOC_STRINGS = YES;
				SWIFT_OPTIMIZATION_LEVEL = "-Onone";
			};
			name = Debug;
		};
		BD843F9B2CB8316400CC96A4 /* Release */ = {
			isa = XCBuildConfiguration;
			buildSettings = {
				ALWAYS_SEARCH_USER_PATHS = NO;
				ASSETCATALOG_COMPILER_GENERATE_SWIFT_ASSET_SYMBOL_EXTENSIONS = YES;
				CLANG_ANALYZER_NONNULL = YES;
				CLANG_ANALYZER_NUMBER_OBJECT_CONVERSION = YES_AGGRESSIVE;
				CLANG_CXX_LANGUAGE_STANDARD = "gnu++20";
				CLANG_ENABLE_MODULES = YES;
				CLANG_ENABLE_OBJC_ARC = YES;
				CLANG_ENABLE_OBJC_WEAK = YES;
				CLANG_WARN_BLOCK_CAPTURE_AUTORELEASING = YES;
				CLANG_WARN_BOOL_CONVERSION = YES;
				CLANG_WARN_COMMA = YES;
				CLANG_WARN_CONSTANT_CONVERSION = YES;
				CLANG_WARN_DEPRECATED_OBJC_IMPLEMENTATIONS = YES;
				CLANG_WARN_DIRECT_OBJC_ISA_USAGE = YES_ERROR;
				CLANG_WARN_DOCUMENTATION_COMMENTS = YES;
				CLANG_WARN_EMPTY_BODY = YES;
				CLANG_WARN_ENUM_CONVERSION = YES;
				CLANG_WARN_INFINITE_RECURSION = YES;
				CLANG_WARN_INT_CONVERSION = YES;
				CLANG_WARN_NON_LITERAL_NULL_CONVERSION = YES;
				CLANG_WARN_OBJC_IMPLICIT_RETAIN_SELF = YES;
				CLANG_WARN_OBJC_LITERAL_CONVERSION = YES;
				CLANG_WARN_OBJC_ROOT_CLASS = YES_ERROR;
				CLANG_WARN_QUOTED_INCLUDE_IN_FRAMEWORK_HEADER = YES;
				CLANG_WARN_RANGE_LOOP_ANALYSIS = YES;
				CLANG_WARN_STRICT_PROTOTYPES = YES;
				CLANG_WARN_SUSPICIOUS_MOVE = YES;
				CLANG_WARN_UNGUARDED_AVAILABILITY = YES_AGGRESSIVE;
				CLANG_WARN_UNREACHABLE_CODE = YES;
				CLANG_WARN__DUPLICATE_METHOD_MATCH = YES;
				COPY_PHASE_STRIP = NO;
				DEBUG_INFORMATION_FORMAT = "dwarf-with-dsym";
				ENABLE_NS_ASSERTIONS = NO;
				ENABLE_STRICT_OBJC_MSGSEND = YES;
				ENABLE_USER_SCRIPT_SANDBOXING = YES;
				GCC_C_LANGUAGE_STANDARD = gnu17;
				GCC_NO_COMMON_BLOCKS = YES;
				GCC_WARN_64_TO_32_BIT_CONVERSION = YES;
				GCC_WARN_ABOUT_RETURN_TYPE = YES_ERROR;
				GCC_WARN_UNDECLARED_SELECTOR = YES;
				GCC_WARN_UNINITIALIZED_AUTOS = YES_AGGRESSIVE;
				GCC_WARN_UNUSED_FUNCTION = YES;
				GCC_WARN_UNUSED_VARIABLE = YES;
				LOCALIZATION_PREFERS_STRING_CATALOGS = YES;
				MTL_ENABLE_DEBUG_INFO = NO;
				MTL_FAST_MATH = YES;
				SWIFT_COMPILATION_MODE = wholemodule;
				SWIFT_EMIT_LOC_STRINGS = YES;
			};
			name = Release;
		};
		BD843F9D2CB8316400CC96A4 /* Debug */ = {
			isa = XCBuildConfiguration;
			buildSettings = {
				ASSETCATALOG_COMPILER_APPICON_NAME = AppIcon;
				ASSETCATALOG_COMPILER_GLOBAL_ACCENT_COLOR_NAME = AccentColor;
				CODE_SIGN_ENTITLEMENTS = "Imgur-Go-Live/Imgur_Go_Live.entitlements";
				CODE_SIGN_STYLE = Automatic;
				CURRENT_PROJECT_VERSION = 1;
				DEVELOPMENT_ASSET_PATHS = "\"Imgur-Go-Live/Preview Content\"";
				ENABLE_PREVIEWS = YES;
				GENERATE_INFOPLIST_FILE = YES;
				INFOPLIST_FILE = "Imgur-Go-Live/Info.plist";
				"INFOPLIST_KEY_UIApplicationSceneManifest_Generation[sdk=iphoneos*]" = YES;
				"INFOPLIST_KEY_UIApplicationSceneManifest_Generation[sdk=iphonesimulator*]" = YES;
				"INFOPLIST_KEY_UIApplicationSupportsIndirectInputEvents[sdk=iphoneos*]" = YES;
				"INFOPLIST_KEY_UIApplicationSupportsIndirectInputEvents[sdk=iphonesimulator*]" = YES;
				"INFOPLIST_KEY_UILaunchScreen_Generation[sdk=iphoneos*]" = YES;
				"INFOPLIST_KEY_UILaunchScreen_Generation[sdk=iphonesimulator*]" = YES;
				"INFOPLIST_KEY_UIStatusBarStyle[sdk=iphoneos*]" = UIStatusBarStyleDefault;
				"INFOPLIST_KEY_UIStatusBarStyle[sdk=iphonesimulator*]" = UIStatusBarStyleDefault;
				INFOPLIST_KEY_UISupportedInterfaceOrientations_iPad = "UIInterfaceOrientationPortrait UIInterfaceOrientationPortraitUpsideDown UIInterfaceOrientationLandscapeLeft UIInterfaceOrientationLandscapeRight";
				INFOPLIST_KEY_UISupportedInterfaceOrientations_iPhone = "UIInterfaceOrientationPortrait UIInterfaceOrientationLandscapeLeft UIInterfaceOrientationLandscapeRight";
				IPHONEOS_DEPLOYMENT_TARGET = 18.0;
				LD_RUNPATH_SEARCH_PATHS = "@executable_path/Frameworks";
				"LD_RUNPATH_SEARCH_PATHS[sdk=macosx*]" = "@executable_path/../Frameworks";
				MACOSX_DEPLOYMENT_TARGET = 15.0;
				MARKETING_VERSION = 1.0;
				PRODUCT_BUNDLE_IDENTIFIER = "com.nickpiscopio.Imgur-Go-Live";
				PRODUCT_NAME = "$(TARGET_NAME)";
				SDKROOT = auto;
				SUPPORTED_PLATFORMS = "iphoneos iphonesimulator macosx xros xrsimulator";
				SWIFT_EMIT_LOC_STRINGS = YES;
				SWIFT_VERSION = 5.0;
				TARGETED_DEVICE_FAMILY = "1,2,7";
				XROS_DEPLOYMENT_TARGET = 2.0;
			};
			name = Debug;
		};
		BD843F9E2CB8316400CC96A4 /* Release */ = {
			isa = XCBuildConfiguration;
			buildSettings = {
				ASSETCATALOG_COMPILER_APPICON_NAME = AppIcon;
				ASSETCATALOG_COMPILER_GLOBAL_ACCENT_COLOR_NAME = AccentColor;
				CODE_SIGN_ENTITLEMENTS = "Imgur-Go-Live/Imgur_Go_Live.entitlements";
				CODE_SIGN_STYLE = Automatic;
				CURRENT_PROJECT_VERSION = 1;
				DEVELOPMENT_ASSET_PATHS = "\"Imgur-Go-Live/Preview Content\"";
				ENABLE_PREVIEWS = YES;
				GENERATE_INFOPLIST_FILE = YES;
				INFOPLIST_FILE = "Imgur-Go-Live/Info.plist";
				"INFOPLIST_KEY_UIApplicationSceneManifest_Generation[sdk=iphoneos*]" = YES;
				"INFOPLIST_KEY_UIApplicationSceneManifest_Generation[sdk=iphonesimulator*]" = YES;
				"INFOPLIST_KEY_UIApplicationSupportsIndirectInputEvents[sdk=iphoneos*]" = YES;
				"INFOPLIST_KEY_UIApplicationSupportsIndirectInputEvents[sdk=iphonesimulator*]" = YES;
				"INFOPLIST_KEY_UILaunchScreen_Generation[sdk=iphoneos*]" = YES;
				"INFOPLIST_KEY_UILaunchScreen_Generation[sdk=iphonesimulator*]" = YES;
				"INFOPLIST_KEY_UIStatusBarStyle[sdk=iphoneos*]" = UIStatusBarStyleDefault;
				"INFOPLIST_KEY_UIStatusBarStyle[sdk=iphonesimulator*]" = UIStatusBarStyleDefault;
				INFOPLIST_KEY_UISupportedInterfaceOrientations_iPad = "UIInterfaceOrientationPortrait UIInterfaceOrientationPortraitUpsideDown UIInterfaceOrientationLandscapeLeft UIInterfaceOrientationLandscapeRight";
				INFOPLIST_KEY_UISupportedInterfaceOrientations_iPhone = "UIInterfaceOrientationPortrait UIInterfaceOrientationLandscapeLeft UIInterfaceOrientationLandscapeRight";
				IPHONEOS_DEPLOYMENT_TARGET = 18.0;
				LD_RUNPATH_SEARCH_PATHS = "@executable_path/Frameworks";
				"LD_RUNPATH_SEARCH_PATHS[sdk=macosx*]" = "@executable_path/../Frameworks";
				MACOSX_DEPLOYMENT_TARGET = 15.0;
				MARKETING_VERSION = 1.0;
				PRODUCT_BUNDLE_IDENTIFIER = "com.nickpiscopio.Imgur-Go-Live";
				PRODUCT_NAME = "$(TARGET_NAME)";
				SDKROOT = auto;
				SUPPORTED_PLATFORMS = "iphoneos iphonesimulator macosx xros xrsimulator";
				SWIFT_EMIT_LOC_STRINGS = YES;
				SWIFT_VERSION = 5.0;
				TARGETED_DEVICE_FAMILY = "1,2,7";
				XROS_DEPLOYMENT_TARGET = 2.0;
			};
			name = Release;
		};
		BD843FA02CB8316400CC96A4 /* Debug */ = {
			isa = XCBuildConfiguration;
			buildSettings = {
				BUNDLE_LOADER = "$(TEST_HOST)";
				CODE_SIGN_STYLE = Automatic;
				CURRENT_PROJECT_VERSION = 1;
				GENERATE_INFOPLIST_FILE = YES;
				IPHONEOS_DEPLOYMENT_TARGET = 18.0;
				MACOSX_DEPLOYMENT_TARGET = 15.0;
				MARKETING_VERSION = 1.0;
				PRODUCT_BUNDLE_IDENTIFIER = "com.nickpiscopio.Imgur-Go-LiveTests";
				PRODUCT_NAME = "$(TARGET_NAME)";
				SDKROOT = auto;
				SUPPORTED_PLATFORMS = "iphoneos iphonesimulator macosx xros xrsimulator";
				SWIFT_EMIT_LOC_STRINGS = NO;
				SWIFT_VERSION = 5.0;
				TARGETED_DEVICE_FAMILY = "1,2,7";
				TEST_HOST = "$(BUILT_PRODUCTS_DIR)/Imgur-Go-Live.app/$(BUNDLE_EXECUTABLE_FOLDER_PATH)/Imgur-Go-Live";
				XROS_DEPLOYMENT_TARGET = 2.0;
			};
			name = Debug;
		};
		BD843FA12CB8316400CC96A4 /* Release */ = {
			isa = XCBuildConfiguration;
			buildSettings = {
				BUNDLE_LOADER = "$(TEST_HOST)";
				CODE_SIGN_STYLE = Automatic;
				CURRENT_PROJECT_VERSION = 1;
				GENERATE_INFOPLIST_FILE = YES;
				IPHONEOS_DEPLOYMENT_TARGET = 18.0;
				MACOSX_DEPLOYMENT_TARGET = 15.0;
				MARKETING_VERSION = 1.0;
				PRODUCT_BUNDLE_IDENTIFIER = "com.nickpiscopio.Imgur-Go-LiveTests";
				PRODUCT_NAME = "$(TARGET_NAME)";
				SDKROOT = auto;
				SUPPORTED_PLATFORMS = "iphoneos iphonesimulator macosx xros xrsimulator";
				SWIFT_EMIT_LOC_STRINGS = NO;
				SWIFT_VERSION = 5.0;
				TARGETED_DEVICE_FAMILY = "1,2,7";
				TEST_HOST = "$(BUILT_PRODUCTS_DIR)/Imgur-Go-Live.app/$(BUNDLE_EXECUTABLE_FOLDER_PATH)/Imgur-Go-Live";
				XROS_DEPLOYMENT_TARGET = 2.0;
			};
			name = Release;
		};
		BD843FA32CB8316400CC96A4 /* Debug */ = {
			isa = XCBuildConfiguration;
			buildSettings = {
				CODE_SIGN_STYLE = Automatic;
				CURRENT_PROJECT_VERSION = 1;
				GENERATE_INFOPLIST_FILE = YES;
				IPHONEOS_DEPLOYMENT_TARGET = 18.0;
				MACOSX_DEPLOYMENT_TARGET = 15.0;
				MARKETING_VERSION = 1.0;
				PRODUCT_BUNDLE_IDENTIFIER = "com.nickpiscopio.Imgur-Go-LiveUITests";
				PRODUCT_NAME = "$(TARGET_NAME)";
				SDKROOT = auto;
				SUPPORTED_PLATFORMS = "iphoneos iphonesimulator macosx xros xrsimulator";
				SWIFT_EMIT_LOC_STRINGS = NO;
				SWIFT_VERSION = 5.0;
				TARGETED_DEVICE_FAMILY = "1,2,7";
				TEST_TARGET_NAME = "Imgur-Go-Live";
				XROS_DEPLOYMENT_TARGET = 2.0;
			};
			name = Debug;
		};
		BD843FA42CB8316400CC96A4 /* Release */ = {
			isa = XCBuildConfiguration;
			buildSettings = {
				CODE_SIGN_STYLE = Automatic;
				CURRENT_PROJECT_VERSION = 1;
				GENERATE_INFOPLIST_FILE = YES;
				IPHONEOS_DEPLOYMENT_TARGET = 18.0;
				MACOSX_DEPLOYMENT_TARGET = 15.0;
				MARKETING_VERSION = 1.0;
				PRODUCT_BUNDLE_IDENTIFIER = "com.nickpiscopio.Imgur-Go-LiveUITests";
				PRODUCT_NAME = "$(TARGET_NAME)";
				SDKROOT = auto;
				SUPPORTED_PLATFORMS = "iphoneos iphonesimulator macosx xros xrsimulator";
				SWIFT_EMIT_LOC_STRINGS = NO;
				SWIFT_VERSION = 5.0;
				TARGETED_DEVICE_FAMILY = "1,2,7";
				TEST_TARGET_NAME = "Imgur-Go-Live";
				XROS_DEPLOYMENT_TARGET = 2.0;
			};
			name = Release;
		};
/* End XCBuildConfiguration section */

/* Begin XCConfigurationList section */
		BD843F722CB8316200CC96A4 /* Build configuration list for PBXProject "Imgur-Go-Live" */ = {
			isa = XCConfigurationList;
			buildConfigurations = (
				BD843F9A2CB8316400CC96A4 /* Debug */,
				BD843F9B2CB8316400CC96A4 /* Release */,
			);
			defaultConfigurationIsVisible = 0;
			defaultConfigurationName = Release;
		};
		BD843F9C2CB8316400CC96A4 /* Build configuration list for PBXNativeTarget "Imgur-Go-Live" */ = {
			isa = XCConfigurationList;
			buildConfigurations = (
				BD843F9D2CB8316400CC96A4 /* Debug */,
				BD843F9E2CB8316400CC96A4 /* Release */,
			);
			defaultConfigurationIsVisible = 0;
			defaultConfigurationName = Release;
		};
		BD843F9F2CB8316400CC96A4 /* Build configuration list for PBXNativeTarget "Imgur-Go-LiveTests" */ = {
			isa = XCConfigurationList;
			buildConfigurations = (
				BD843FA02CB8316400CC96A4 /* Debug */,
				BD843FA12CB8316400CC96A4 /* Release */,
			);
			defaultConfigurationIsVisible = 0;
			defaultConfigurationName = Release;
		};
		BD843FA22CB8316400CC96A4 /* Build configuration list for PBXNativeTarget "Imgur-Go-LiveUITests" */ = {
			isa = XCConfigurationList;
			buildConfigurations = (
				BD843FA32CB8316400CC96A4 /* Debug */,
				BD843FA42CB8316400CC96A4 /* Release */,
			);
			defaultConfigurationIsVisible = 0;
			defaultConfigurationName = Release;
		};
/* End XCConfigurationList section */

/* Begin XCRemoteSwiftPackageReference section */
		BDA0A4E42CB8535F0032C157 /* XCRemoteSwiftPackageReference "WrappingHStack" */ = {
			isa = XCRemoteSwiftPackageReference;
			repositoryURL = "https://github.com/dkk/WrappingHStack";
			requirement = {
				kind = exactVersion;
				version = 2.2.11;
			};
		};
/* End XCRemoteSwiftPackageReference section */

/* Begin XCSwiftPackageProductDependency section */
		BDA0A4E52CB8541D0032C157 /* WrappingHStack */ = {
			isa = XCSwiftPackageProductDependency;
			package = BDA0A4E42CB8535F0032C157 /* XCRemoteSwiftPackageReference "WrappingHStack" */;
			productName = WrappingHStack;
		};
/* End XCSwiftPackageProductDependency section */
	};
	rootObject = BD843F6F2CB8316200CC96A4 /* Project object */;
}
